// !$*UTF8*$!
{
	archiveVersion = 1;
	classes = {
	};
	objectVersion = 56;
	objects = {

/* Begin PBXBuildFile section */
		FDBF4FAB2CB1122000C533AD /* DiscoverApp.swift in Sources */ = {isa = PBXBuildFile; fileRef = FDBF4FAA2CB1122000C533AD /* DiscoverApp.swift */; };
		FDBF4FAF2CB1122100C533AD /* Assets.xcassets in Resources */ = {isa = PBXBuildFile; fileRef = FDBF4FAE2CB1122100C533AD /* Assets.xcassets */; };
		FDBF4FB22CB1122100C533AD /* Preview Assets.xcassets in Resources */ = {isa = PBXBuildFile; fileRef = FDBF4FB12CB1122100C533AD /* Preview Assets.xcassets */; };
		FDBF4FBC2CB113C900C533AD /* MenuView.swift in Sources */ = {isa = PBXBuildFile; fileRef = FDBF4FBB2CB113C900C533AD /* MenuView.swift */; };
		FDBF4FBE2CB1146400C533AD /* ResultNeowView.swift in Sources */ = {isa = PBXBuildFile; fileRef = FDBF4FBD2CB1146400C533AD /* ResultNeowView.swift */; };
		FDBF4FC02CB1148600C533AD /* InputNeowView.swift in Sources */ = {isa = PBXBuildFile; fileRef = FDBF4FBF2CB1148600C533AD /* InputNeowView.swift */; };
		FDBF4FC22CB1149C00C533AD /* ApodView.swift in Sources */ = {isa = PBXBuildFile; fileRef = FDBF4FC12CB1149C00C533AD /* ApodView.swift */; };
		FDBF4FC42CB1152200C533AD /* ApodApi.swift in Sources */ = {isa = PBXBuildFile; fileRef = FDBF4FC32CB1152200C533AD /* ApodApi.swift */; };
		FDBF4FC62CB1154C00C533AD /* NeowApi.swift in Sources */ = {isa = PBXBuildFile; fileRef = FDBF4FC52CB1154C00C533AD /* NeowApi.swift */; };
		FDBF4FC82CB1157E00C533AD /* DataItem.swift in Sources */ = {isa = PBXBuildFile; fileRef = FDBF4FC72CB1157E00C533AD /* DataItem.swift */; };
		FDBF4FCA2CB115BA00C533AD /* DataModel.swift in Sources */ = {isa = PBXBuildFile; fileRef = FDBF4FC92CB115BA00C533AD /* DataModel.swift */; };
		FDBF4FCC2CB115F500C533AD /* NeowModel.swift in Sources */ = {isa = PBXBuildFile; fileRef = FDBF4FCB2CB115F500C533AD /* NeowModel.swift */; };
/* End PBXBuildFile section */

/* Begin PBXFileReference section */
		FDBF4FA72CB1122000C533AD /* Discover.app */ = {isa = PBXFileReference; explicitFileType = wrapper.application; includeInIndex = 0; path = Discover.app; sourceTree = BUILT_PRODUCTS_DIR; };
		FDBF4FAA2CB1122000C533AD /* DiscoverApp.swift */ = {isa = PBXFileReference; lastKnownFileType = sourcecode.swift; path = DiscoverApp.swift; sourceTree = "<group>"; };
		FDBF4FAE2CB1122100C533AD /* Assets.xcassets */ = {isa = PBXFileReference; lastKnownFileType = folder.assetcatalog; path = Assets.xcassets; sourceTree = "<group>"; };
		FDBF4FB12CB1122100C533AD /* Preview Assets.xcassets */ = {isa = PBXFileReference; lastKnownFileType = folder.assetcatalog; path = "Preview Assets.xcassets"; sourceTree = "<group>"; };
		FDBF4FBB2CB113C900C533AD /* MenuView.swift */ = {isa = PBXFileReference; lastKnownFileType = sourcecode.swift; path = MenuView.swift; sourceTree = "<group>"; };
		FDBF4FBD2CB1146400C533AD /* ResultNeowView.swift */ = {isa = PBXFileReference; lastKnownFileType = sourcecode.swift; path = ResultNeowView.swift; sourceTree = "<group>"; };
		FDBF4FBF2CB1148600C533AD /* InputNeowView.swift */ = {isa = PBXFileReference; lastKnownFileType = sourcecode.swift; path = InputNeowView.swift; sourceTree = "<group>"; };
		FDBF4FC12CB1149C00C533AD /* ApodView.swift */ = {isa = PBXFileReference; lastKnownFileType = sourcecode.swift; path = ApodView.swift; sourceTree = "<group>"; };
		FDBF4FC32CB1152200C533AD /* ApodApi.swift */ = {isa = PBXFileReference; lastKnownFileType = sourcecode.swift; path = ApodApi.swift; sourceTree = "<group>"; };
		FDBF4FC52CB1154C00C533AD /* NeowApi.swift */ = {isa = PBXFileReference; lastKnownFileType = sourcecode.swift; path = NeowApi.swift; sourceTree = "<group>"; };
		FDBF4FC72CB1157E00C533AD /* DataItem.swift */ = {isa = PBXFileReference; lastKnownFileType = sourcecode.swift; path = DataItem.swift; sourceTree = "<group>"; };
		FDBF4FC92CB115BA00C533AD /* DataModel.swift */ = {isa = PBXFileReference; lastKnownFileType = sourcecode.swift; path = DataModel.swift; sourceTree = "<group>"; };
		FDBF4FCB2CB115F500C533AD /* NeowModel.swift */ = {isa = PBXFileReference; lastKnownFileType = sourcecode.swift; path = NeowModel.swift; sourceTree = "<group>"; };
/* End PBXFileReference section */

/* Begin PBXFrameworksBuildPhase section */
		FDBF4FA42CB1122000C533AD /* Frameworks */ = {
			isa = PBXFrameworksBuildPhase;
			buildActionMask = 2147483647;
			files = (
			);
			runOnlyForDeploymentPostprocessing = 0;
		};
/* End PBXFrameworksBuildPhase section */

/* Begin PBXGroup section */
		FDBF4F9E2CB1122000C533AD = {
			isa = PBXGroup;
			children = (
				FDBF4FA92CB1122000C533AD /* Discover */,
				FDBF4FA82CB1122000C533AD /* Products */,
			);
			sourceTree = "<group>";
		};
		FDBF4FA82CB1122000C533AD /* Products */ = {
			isa = PBXGroup;
			children = (
				FDBF4FA72CB1122000C533AD /* Discover.app */,
			);
			name = Products;
			sourceTree = "<group>";
		};
		FDBF4FA92CB1122000C533AD /* Discover */ = {
			isa = PBXGroup;
			children = (
				FDBF4FBA2CB1139400C533AD /* Model */,
				FDBF4FB92CB1137F00C533AD /* API */,
				FDBF4FB82CB1135300C533AD /* Views */,
				FDBF4FAA2CB1122000C533AD /* DiscoverApp.swift */,
				FDBF4FAE2CB1122100C533AD /* Assets.xcassets */,
				FDBF4FB02CB1122100C533AD /* Preview Content */,
			);
			path = Discover;
			sourceTree = "<group>";
		};
		FDBF4FB02CB1122100C533AD /* Preview Content */ = {
			isa = PBXGroup;
			children = (
				FDBF4FB12CB1122100C533AD /* Preview Assets.xcassets */,
			);
			path = "Preview Content";
			sourceTree = "<group>";
		};
		FDBF4FB82CB1135300C533AD /* Views */ = {
			isa = PBXGroup;
			children = (
				FDBF4FBB2CB113C900C533AD /* MenuView.swift */,
				FDBF4FBD2CB1146400C533AD /* ResultNeowView.swift */,
				FDBF4FBF2CB1148600C533AD /* InputNeowView.swift */,
				FDBF4FC12CB1149C00C533AD /* ApodView.swift */,
			);
			path = Views;
			sourceTree = "<group>";
		};
		FDBF4FB92CB1137F00C533AD /* API */ = {
			isa = PBXGroup;
			children = (
				FDBF4FC32CB1152200C533AD /* ApodApi.swift */,
				FDBF4FC52CB1154C00C533AD /* NeowApi.swift */,
			);
			path = API;
			sourceTree = "<group>";
		};
		FDBF4FBA2CB1139400C533AD /* Model */ = {
			isa = PBXGroup;
			children = (
				FDBF4FC72CB1157E00C533AD /* DataItem.swift */,
				FDBF4FC92CB115BA00C533AD /* DataModel.swift */,
				FDBF4FCB2CB115F500C533AD /* NeowModel.swift */,
			);
			path = Model;
			sourceTree = "<group>";
		};
/* End PBXGroup section */

/* Begin PBXNativeTarget section */
		FDBF4FA62CB1122000C533AD /* Discover */ = {
			isa = PBXNativeTarget;
			buildConfigurationList = FDBF4FB52CB1122100C533AD /* Build configuration list for PBXNativeTarget "Discover" */;
			buildPhases = (
				FDBF4FA32CB1122000C533AD /* Sources */,
				FDBF4FA42CB1122000C533AD /* Frameworks */,
				FDBF4FA52CB1122000C533AD /* Resources */,
			);
			buildRules = (
			);
			dependencies = (
			);
			name = Discover;
			productName = Discover;
			productReference = FDBF4FA72CB1122000C533AD /* Discover.app */;
			productType = "com.apple.product-type.application";
		};
/* End PBXNativeTarget section */

/* Begin PBXProject section */
		FDBF4F9F2CB1122000C533AD /* Project object */ = {
			isa = PBXProject;
			attributes = {
				BuildIndependentTargetsInParallel = 1;
				LastSwiftUpdateCheck = 1520;
				LastUpgradeCheck = 1520;
				TargetAttributes = {
					FDBF4FA62CB1122000C533AD = {
						CreatedOnToolsVersion = 15.2;
					};
				};
			};
			buildConfigurationList = FDBF4FA22CB1122000C533AD /* Build configuration list for PBXProject "Discover" */;
			compatibilityVersion = "Xcode 14.0";
			developmentRegion = en;
			hasScannedForEncodings = 0;
			knownRegions = (
				en,
				Base,
			);
			mainGroup = FDBF4F9E2CB1122000C533AD;
			productRefGroup = FDBF4FA82CB1122000C533AD /* Products */;
			projectDirPath = "";
			projectRoot = "";
			targets = (
				FDBF4FA62CB1122000C533AD /* Discover */,
			);
		};
/* End PBXProject section */

/* Begin PBXResourcesBuildPhase section */
		FDBF4FA52CB1122000C533AD /* Resources */ = {
			isa = PBXResourcesBuildPhase;
			buildActionMask = 2147483647;
			files = (
				FDBF4FB22CB1122100C533AD /* Preview Assets.xcassets in Resources */,
				FDBF4FAF2CB1122100C533AD /* Assets.xcassets in Resources */,
			);
			runOnlyForDeploymentPostprocessing = 0;
		};
/* End PBXResourcesBuildPhase section */

/* Begin PBXSourcesBuildPhase section */
		FDBF4FA32CB1122000C533AD /* Sources */ = {
			isa = PBXSourcesBuildPhase;
			buildActionMask = 2147483647;
			files = (
				FDBF4FBC2CB113C900C533AD /* MenuView.swift in Sources */,
				FDBF4FC22CB1149C00C533AD /* ApodView.swift in Sources */,
				FDBF4FC82CB1157E00C533AD /* DataItem.swift in Sources */,
				FDBF4FC42CB1152200C533AD /* ApodApi.swift in Sources */,
				FDBF4FC62CB1154C00C533AD /* NeowApi.swift in Sources */,
				FDBF4FBE2CB1146400C533AD /* ResultNeowView.swift in Sources */,
				FDBF4FAB2CB1122000C533AD /* DiscoverApp.swift in Sources */,
				FDBF4FC02CB1148600C533AD /* InputNeowView.swift in Sources */,
				FDBF4FCC2CB115F500C533AD /* NeowModel.swift in Sources */,
				FDBF4FCA2CB115BA00C533AD /* DataModel.swift in Sources */,
			);
			runOnlyForDeploymentPostprocessing = 0;
		};
/* End PBXSourcesBuildPhase section */

/* Begin XCBuildConfiguration section */
		FDBF4FB32CB1122100C533AD /* Debug */ = {
			isa = XCBuildConfiguration;
			buildSettings = {
				ALWAYS_SEARCH_USER_PATHS = NO;
				ASSETCATALOG_COMPILER_GENERATE_SWIFT_ASSET_SYMBOL_EXTENSIONS = YES;
				CLANG_ANALYZER_NONNULL = YES;
				CLANG_ANALYZER_NUMBER_OBJECT_CONVERSION = YES_AGGRESSIVE;
				CLANG_CXX_LANGUAGE_STANDARD = "gnu++20";
				CLANG_ENABLE_MODULES = YES;
				CLANG_ENABLE_OBJC_ARC = YES;
				CLANG_ENABLE_OBJC_WEAK = YES;
				CLANG_WARN_BLOCK_CAPTURE_AUTORELEASING = YES;
				CLANG_WARN_BOOL_CONVERSION = YES;
				CLANG_WARN_COMMA = YES;
				CLANG_WARN_CONSTANT_CONVERSION = YES;
				CLANG_WARN_DEPRECATED_OBJC_IMPLEMENTATIONS = YES;
				CLANG_WARN_DIRECT_OBJC_ISA_USAGE = YES_ERROR;
				CLANG_WARN_DOCUMENTATION_COMMENTS = YES;
				CLANG_WARN_EMPTY_BODY = YES;
				CLANG_WARN_ENUM_CONVERSION = YES;
				CLANG_WARN_INFINITE_RECURSION = YES;
				CLANG_WARN_INT_CONVERSION = YES;
				CLANG_WARN_NON_LITERAL_NULL_CONVERSION = YES;
				CLANG_WARN_OBJC_IMPLICIT_RETAIN_SELF = YES;
				CLANG_WARN_OBJC_LITERAL_CONVERSION = YES;
				CLANG_WARN_OBJC_ROOT_CLASS = YES_ERROR;
				CLANG_WARN_QUOTED_INCLUDE_IN_FRAMEWORK_HEADER = YES;
				CLANG_WARN_RANGE_LOOP_ANALYSIS = YES;
				CLANG_WARN_STRICT_PROTOTYPES = YES;
				CLANG_WARN_SUSPICIOUS_MOVE = YES;
				CLANG_WARN_UNGUARDED_AVAILABILITY = YES_AGGRESSIVE;
				CLANG_WARN_UNREACHABLE_CODE = YES;
				CLANG_WARN__DUPLICATE_METHOD_MATCH = YES;
				COPY_PHASE_STRIP = NO;
				DEBUG_INFORMATION_FORMAT = dwarf;
				ENABLE_STRICT_OBJC_MSGSEND = YES;
				ENABLE_TESTABILITY = YES;
				ENABLE_USER_SCRIPT_SANDBOXING = YES;
				GCC_C_LANGUAGE_STANDARD = gnu17;
				GCC_DYNAMIC_NO_PIC = NO;
				GCC_NO_COMMON_BLOCKS = YES;
				GCC_OPTIMIZATION_LEVEL = 0;
				GCC_PREPROCESSOR_DEFINITIONS = (
					"DEBUG=1",
					"$(inherited)",
				);
				GCC_WARN_64_TO_32_BIT_CONVERSION = YES;
				GCC_WARN_ABOUT_RETURN_TYPE = YES_ERROR;
				GCC_WARN_UNDECLARED_SELECTOR = YES;
				GCC_WARN_UNINITIALIZED_AUTOS = YES_AGGRESSIVE;
				GCC_WARN_UNUSED_FUNCTION = YES;
				GCC_WARN_UNUSED_VARIABLE = YES;
				IPHONEOS_DEPLOYMENT_TARGET = 17.2;
				LOCALIZATION_PREFERS_STRING_CATALOGS = YES;
				MTL_ENABLE_DEBUG_INFO = INCLUDE_SOURCE;
				MTL_FAST_MATH = YES;
				ONLY_ACTIVE_ARCH = YES;
				SDKROOT = iphoneos;
				SWIFT_ACTIVE_COMPILATION_CONDITIONS = "DEBUG $(inherited)";
				SWIFT_OPTIMIZATION_LEVEL = "-Onone";
			};
			name = Debug;
		};
		FDBF4FB42CB1122100C533AD /* Release */ = {
			isa = XCBuildConfiguration;
			buildSettings = {
				ALWAYS_SEARCH_USER_PATHS = NO;
				ASSETCATALOG_COMPILER_GENERATE_SWIFT_ASSET_SYMBOL_EXTENSIONS = YES;
				CLANG_ANALYZER_NONNULL = YES;
				CLANG_ANALYZER_NUMBER_OBJECT_CONVERSION = YES_AGGRESSIVE;
				CLANG_CXX_LANGUAGE_STANDARD = "gnu++20";
				CLANG_ENABLE_MODULES = YES;
				CLANG_ENABLE_OBJC_ARC = YES;
				CLANG_ENABLE_OBJC_WEAK = YES;
				CLANG_WARN_BLOCK_CAPTURE_AUTORELEASING = YES;
				CLANG_WARN_BOOL_CONVERSION = YES;
				CLANG_WARN_COMMA = YES;
				CLANG_WARN_CONSTANT_CONVERSION = YES;
				CLANG_WARN_DEPRECATED_OBJC_IMPLEMENTATIONS = YES;
				CLANG_WARN_DIRECT_OBJC_ISA_USAGE = YES_ERROR;
				CLANG_WARN_DOCUMENTATION_COMMENTS = YES;
				CLANG_WARN_EMPTY_BODY = YES;
				CLANG_WARN_ENUM_CONVERSION = YES;
				CLANG_WARN_INFINITE_RECURSION = YES;
				CLANG_WARN_INT_CONVERSION = YES;
				CLANG_WARN_NON_LITERAL_NULL_CONVERSION = YES;
				CLANG_WARN_OBJC_IMPLICIT_RETAIN_SELF = YES;
				CLANG_WARN_OBJC_LITERAL_CONVERSION = YES;
				CLANG_WARN_OBJC_ROOT_CLASS = YES_ERROR;
				CLANG_WARN_QUOTED_INCLUDE_IN_FRAMEWORK_HEADER = YES;
				CLANG_WARN_RANGE_LOOP_ANALYSIS = YES;
				CLANG_WARN_STRICT_PROTOTYPES = YES;
				CLANG_WARN_SUSPICIOUS_MOVE = YES;
				CLANG_WARN_UNGUARDED_AVAILABILITY = YES_AGGRESSIVE;
				CLANG_WARN_UNREACHABLE_CODE = YES;
				CLANG_WARN__DUPLICATE_METHOD_MATCH = YES;
				COPY_PHASE_STRIP = NO;
				DEBUG_INFORMATION_FORMAT = "dwarf-with-dsym";
				ENABLE_NS_ASSERTIONS = NO;
				ENABLE_STRICT_OBJC_MSGSEND = YES;
				ENABLE_USER_SCRIPT_SANDBOXING = YES;
				GCC_C_LANGUAGE_STANDARD = gnu17;
				GCC_NO_COMMON_BLOCKS = YES;
				GCC_WARN_64_TO_32_BIT_CONVERSION = YES;
				GCC_WARN_ABOUT_RETURN_TYPE = YES_ERROR;
				GCC_WARN_UNDECLARED_SELECTOR = YES;
				GCC_WARN_UNINITIALIZED_AUTOS = YES_AGGRESSIVE;
				GCC_WARN_UNUSED_FUNCTION = YES;
				GCC_WARN_UNUSED_VARIABLE = YES;
				IPHONEOS_DEPLOYMENT_TARGET = 17.2;
				LOCALIZATION_PREFERS_STRING_CATALOGS = YES;
				MTL_ENABLE_DEBUG_INFO = NO;
				MTL_FAST_MATH = YES;
				SDKROOT = iphoneos;
				SWIFT_COMPILATION_MODE = wholemodule;
				VALIDATE_PRODUCT = YES;
			};
			name = Release;
		};
		FDBF4FB62CB1122100C533AD /* Debug */ = {
			isa = XCBuildConfiguration;
			buildSettings = {
				ASSETCATALOG_COMPILER_APPICON_NAME = AppIcon;
				ASSETCATALOG_COMPILER_GLOBAL_ACCENT_COLOR_NAME = AccentColor;
				CODE_SIGN_STYLE = Automatic;
				CURRENT_PROJECT_VERSION = 1;
				DEVELOPMENT_ASSET_PATHS = "\"Discover/Preview Content\"";
				DEVELOPMENT_TEAM = S4Z9KPA382;
				ENABLE_PREVIEWS = YES;
				GENERATE_INFOPLIST_FILE = YES;
				INFOPLIST_KEY_UIApplicationSceneManifest_Generation = YES;
				INFOPLIST_KEY_UIApplicationSupportsIndirectInputEvents = YES;
				INFOPLIST_KEY_UILaunchScreen_Generation = YES;
				INFOPLIST_KEY_UISupportedInterfaceOrientations_iPad = "UIInterfaceOrientationPortrait UIInterfaceOrientationPortraitUpsideDown UIInterfaceOrientationLandscapeLeft UIInterfaceOrientationLandscapeRight";
				INFOPLIST_KEY_UISupportedInterfaceOrientations_iPhone = "UIInterfaceOrientationPortrait UIInterfaceOrientationLandscapeLeft UIInterfaceOrientationLandscapeRight";
				LD_RUNPATH_SEARCH_PATHS = (
					"$(inherited)",
					"@executable_path/Frameworks",
				);
				MARKETING_VERSION = 1.0;
				PRODUCT_BUNDLE_IDENTIFIER = com.bowwie.Discover;
				PRODUCT_NAME = "$(TARGET_NAME)";
				SWIFT_EMIT_LOC_STRINGS = YES;
				SWIFT_VERSION = 5.0;
				TARGETED_DEVICE_FAMILY = "1,2";
			};
			name = Debug;
		};
		FDBF4FB72CB1122100C533AD /* Release */ = {
			isa = XCBuildConfiguration;
			buildSettings = {
				ASSETCATALOG_COMPILER_APPICON_NAME = AppIcon;
				ASSETCATALOG_COMPILER_GLOBAL_ACCENT_COLOR_NAME = AccentColor;
				CODE_SIGN_STYLE = Automatic;
				CURRENT_PROJECT_VERSION = 1;
				DEVELOPMENT_ASSET_PATHS = "\"Discover/Preview Content\"";
				DEVELOPMENT_TEAM = S4Z9KPA382;
				ENABLE_PREVIEWS = YES;
				GENERATE_INFOPLIST_FILE = YES;
				INFOPLIST_KEY_UIApplicationSceneManifest_Generation = YES;
				INFOPLIST_KEY_UIApplicationSupportsIndirectInputEvents = YES;
				INFOPLIST_KEY_UILaunchScreen_Generation = YES;
				INFOPLIST_KEY_UISupportedInterfaceOrientations_iPad = "UIInterfaceOrientationPortrait UIInterfaceOrientationPortraitUpsideDown UIInterfaceOrientationLandscapeLeft UIInterfaceOrientationLandscapeRight";
				INFOPLIST_KEY_UISupportedInterfaceOrientations_iPhone = "UIInterfaceOrientationPortrait UIInterfaceOrientationLandscapeLeft UIInterfaceOrientationLandscapeRight";
				LD_RUNPATH_SEARCH_PATHS = (
					"$(inherited)",
					"@executable_path/Frameworks",
				);
				MARKETING_VERSION = 1.0;
				PRODUCT_BUNDLE_IDENTIFIER = com.bowwie.Discover;
				PRODUCT_NAME = "$(TARGET_NAME)";
				SWIFT_EMIT_LOC_STRINGS = YES;
				SWIFT_VERSION = 5.0;
				TARGETED_DEVICE_FAMILY = "1,2";
			};
			name = Release;
		};
/* End XCBuildConfiguration section */

/* Begin XCConfigurationList section */
		FDBF4FA22CB1122000C533AD /* Build configuration list for PBXProject "Discover" */ = {
			isa = XCConfigurationList;
			buildConfigurations = (
				FDBF4FB32CB1122100C533AD /* Debug */,
				FDBF4FB42CB1122100C533AD /* Release */,
			);
			defaultConfigurationIsVisible = 0;
			defaultConfigurationName = Release;
		};
		FDBF4FB52CB1122100C533AD /* Build configuration list for PBXNativeTarget "Discover" */ = {
			isa = XCConfigurationList;
			buildConfigurations = (
				FDBF4FB62CB1122100C533AD /* Debug */,
				FDBF4FB72CB1122100C533AD /* Release */,
			);
			defaultConfigurationIsVisible = 0;
			defaultConfigurationName = Release;
		};
/* End XCConfigurationList section */
	};
	rootObject = FDBF4F9F2CB1122000C533AD /* Project object */;
}
